
Microsoft Visual Studio Solution File, Format Version 12.00
# Visual Studio Version 17
VisualStudioVersion = 17.14.36623.8 d17.14
MinimumVisualStudioVersion = 10.0.40219.1
Project("{FAE04EC0-301F-11D3-BF4B-00C04F79EFBC}") = "bytebank_ATENDIMENTO", "bytebank_ATENDIMENTO\bytebank_ATENDIMENTO.csproj", "{8769F762-9097-43C8-876A-E191C85D065B}"
EndProject
Global
	GlobalSection(SolutionConfigurationPlatforms) = preSolution
		Debug|Any CPU = Debug|Any CPU
		Release|Any CPU = Release|Any CPU
	EndGlobalSection
	GlobalSection(ProjectConfigurationPlatforms) = postSolution
		{8769F762-9097-43C8-876A-E191C85D065B}.Debug|Any CPU.ActiveCfg = Debug|Any CPU
		{8769F762-9097-43C8-876A-E191C85D065B}.Debug|Any CPU.Build.0 = Debug|Any CPU
		{8769F762-9097-43C8-876A-E191C85D065B}.Release|Any CPU.ActiveCfg = Release|Any CPU
		{8769F762-9097-43C8-876A-E191C85D065B}.Release|Any CPU.Build.0 = Release|Any CPU
	EndGlobalSection
	GlobalSection(SolutionProperties) = preSolution
		HideSolutionNode = FALSE
	EndGlobalSection
	GlobalSection(ExtensibilityGlobals) = postSolution
		SolutionGuid = {C80D6E0D-F1EE-488E-8B37-3881377D22EB}
	EndGlobalSection
EndGlobal
